
Microsoft Visual Studio Solution File, Format Version 12.00
# Visual Studio Version 17
VisualStudioVersion = 17.0.31912.275
MinimumVisualStudioVersion = 10.0.40219.1
Project("{9A19103F-16F7-4668-BE54-9A1E7A4F7556}") = "SolarCoffee.Repository", "SolarCoffee.Data\SolarCoffee.Repository.csproj", "{13CFA39F-7AA7-4FAA-951E-BD2A71868CAC}"
EndProject
Project("{9A19103F-16F7-4668-BE54-9A1E7A4F7556}") = "SolarCoffee.Services", "SolarCoffee.Services\SolarCoffee.Services.csproj", "{F8035107-A937-4039-8DED-4DDA59A97BE5}"
EndProject
Project("{9A19103F-16F7-4668-BE54-9A1E7A4F7556}") = "SolarCoffee.Web", "SolarCoffee.Web\SolarCoffee.Web.csproj", "{CAA8B6B0-58A4-46F7-BF80-0E4ACA682405}"
EndProject
Project("{9A19103F-16F7-4668-BE54-9A1E7A4F7556}") = "SolarCoffee.Test", "SolarCoffee.Test\SolarCoffee.Test.csproj", "{27B79529-7BA7-4394-868A-5B903A673E2D}"
EndProject
Project("{9A19103F-16F7-4668-BE54-9A1E7A4F7556}") = "SolarCoffee.Common", "SolarCoffee.Common\SolarCoffee.Common.csproj", "{9C2C4DC1-7E4D-4A93-9E2A-B74C26300F93}"
EndProject
Project("{54A90642-561A-4BB1-A94E-469ADEE60C69}") = "solarcoffee.front", "SolarCoffee.Front\solarcoffee.front.esproj", "{E4E3308F-F6D8-407B-988C-94A8F90268B9}"
EndProject
Global
	GlobalSection(SolutionConfigurationPlatforms) = preSolution
		Debug|Any CPU = Debug|Any CPU
		Release|Any CPU = Release|Any CPU
	EndGlobalSection
	GlobalSection(ProjectConfigurationPlatforms) = postSolution
		{13CFA39F-7AA7-4FAA-951E-BD2A71868CAC}.Debug|Any CPU.ActiveCfg = Debug|Any CPU
		{13CFA39F-7AA7-4FAA-951E-BD2A71868CAC}.Debug|Any CPU.Build.0 = Debug|Any CPU
		{13CFA39F-7AA7-4FAA-951E-BD2A71868CAC}.Release|Any CPU.ActiveCfg = Release|Any CPU
		{13CFA39F-7AA7-4FAA-951E-BD2A71868CAC}.Release|Any CPU.Build.0 = Release|Any CPU
		{F8035107-A937-4039-8DED-4DDA59A97BE5}.Debug|Any CPU.ActiveCfg = Debug|Any CPU
		{F8035107-A937-4039-8DED-4DDA59A97BE5}.Debug|Any CPU.Build.0 = Debug|Any CPU
		{F8035107-A937-4039-8DED-4DDA59A97BE5}.Release|Any CPU.ActiveCfg = Release|Any CPU
		{F8035107-A937-4039-8DED-4DDA59A97BE5}.Release|Any CPU.Build.0 = Release|Any CPU
		{CAA8B6B0-58A4-46F7-BF80-0E4ACA682405}.Debug|Any CPU.ActiveCfg = Debug|Any CPU
		{CAA8B6B0-58A4-46F7-BF80-0E4ACA682405}.Debug|Any CPU.Build.0 = Debug|Any CPU
		{CAA8B6B0-58A4-46F7-BF80-0E4ACA682405}.Release|Any CPU.ActiveCfg = Release|Any CPU
		{CAA8B6B0-58A4-46F7-BF80-0E4ACA682405}.Release|Any CPU.Build.0 = Release|Any CPU
		{27B79529-7BA7-4394-868A-5B903A673E2D}.Debug|Any CPU.ActiveCfg = Debug|Any CPU
		{27B79529-7BA7-4394-868A-5B903A673E2D}.Debug|Any CPU.Build.0 = Debug|Any CPU
		{27B79529-7BA7-4394-868A-5B903A673E2D}.Release|Any CPU.ActiveCfg = Release|Any CPU
		{27B79529-7BA7-4394-868A-5B903A673E2D}.Release|Any CPU.Build.0 = Release|Any CPU
		{9C2C4DC1-7E4D-4A93-9E2A-B74C26300F93}.Debug|Any CPU.ActiveCfg = Debug|Any CPU
		{9C2C4DC1-7E4D-4A93-9E2A-B74C26300F93}.Debug|Any CPU.Build.0 = Debug|Any CPU
		{9C2C4DC1-7E4D-4A93-9E2A-B74C26300F93}.Release|Any CPU.ActiveCfg = Release|Any CPU
		{9C2C4DC1-7E4D-4A93-9E2A-B74C26300F93}.Release|Any CPU.Build.0 = Release|Any CPU
		{E4E3308F-F6D8-407B-988C-94A8F90268B9}.Debug|Any CPU.ActiveCfg = Debug|Any CPU
		{E4E3308F-F6D8-407B-988C-94A8F90268B9}.Debug|Any CPU.Build.0 = Debug|Any CPU
		{E4E3308F-F6D8-407B-988C-94A8F90268B9}.Debug|Any CPU.Deploy.0 = Debug|Any CPU
		{E4E3308F-F6D8-407B-988C-94A8F90268B9}.Release|Any CPU.ActiveCfg = Release|Any CPU
		{E4E3308F-F6D8-407B-988C-94A8F90268B9}.Release|Any CPU.Build.0 = Release|Any CPU
		{E4E3308F-F6D8-407B-988C-94A8F90268B9}.Release|Any CPU.Deploy.0 = Release|Any CPU
	EndGlobalSection
	GlobalSection(SolutionProperties) = preSolution
		HideSolutionNode = FALSE
	EndGlobalSection
	GlobalSection(ExtensibilityGlobals) = postSolution
		SolutionGuid = {9D4E921F-95B4-4F1C-B8EB-D46C58235C50}
	EndGlobalSection
EndGlobal
